
Microsoft Visual Studio Solution File, Format Version 12.00
# Visual Studio 15
VisualStudioVersion = 15.0.26430.16
MinimumVisualStudioVersion = 10.0.40219.1
Project("{FAE04EC0-301F-11D3-BF4B-00C04F79EFBC}") = "WebApplication2", "WebApplication2\WebApplication2.csproj", "{7814C77C-B37B-4B06-B4EF-9AB9E8E5699C}"
EndProject
Project("{FAE04EC0-301F-11D3-BF4B-00C04F79EFBC}") = "UnitTestProject1", "UnitTestProject1\UnitTestProject1.csproj", "{EC682C28-D98A-469C-9C40-190B148EEA42}"
EndProject
Global
	GlobalSection(SolutionConfigurationPlatforms) = preSolution
		Debug|Any CPU = Debug|Any CPU
		Release|Any CPU = Release|Any CPU
	EndGlobalSection
	GlobalSection(ProjectConfigurationPlatforms) = postSolution
		{7814C77C-B37B-4B06-B4EF-9AB9E8E5699C}.Debug|Any CPU.ActiveCfg = Debug|Any CPU
		{7814C77C-B37B-4B06-B4EF-9AB9E8E5699C}.Debug|Any CPU.Build.0 = Debug|Any CPU
		{7814C77C-B37B-4B06-B4EF-9AB9E8E5699C}.Release|Any CPU.ActiveCfg = Release|Any CPU
		{7814C77C-B37B-4B06-B4EF-9AB9E8E5699C}.Release|Any CPU.Build.0 = Release|Any CPU
		{EC682C28-D98A-469C-9C40-190B148EEA42}.Debug|Any CPU.ActiveCfg = Debug|Any CPU
		{EC682C28-D98A-469C-9C40-190B148EEA42}.Debug|Any CPU.Build.0 = Debug|Any CPU
		{EC682C28-D98A-469C-9C40-190B148EEA42}.Release|Any CPU.ActiveCfg = Release|Any CPU
		{EC682C28-D98A-469C-9C40-190B148EEA42}.Release|Any CPU.Build.0 = Release|Any CPU
	EndGlobalSection
	GlobalSection(SolutionProperties) = preSolution
		HideSolutionNode = FALSE
	EndGlobalSection
EndGlobal
